// !$*UTF8*$!
{
	archiveVersion = 1;
	classes = {
	};
	objectVersion = 50;
	objects = {

/* Begin PBXBuildFile section */
		5B26295122AA57430038A440 /* GameElements.cpp in Sources */ = {isa = PBXBuildFile; fileRef = 5B26294F22AA57430038A440 /* GameElements.cpp */; };
		5D0DD026229FE07C00CE4593 /* Ball.cpp in Sources */ = {isa = PBXBuildFile; fileRef = 5D0DD024229FE07C00CE4593 /* Ball.cpp */; };
		5D2BF2FC22A2612E009FE4E3 /* Object.cpp in Sources */ = {isa = PBXBuildFile; fileRef = 5D2BF2FA22A2612E009FE4E3 /* Object.cpp */; };
		5D2BF2FF22A26665009FE4E3 /* Player.cpp in Sources */ = {isa = PBXBuildFile; fileRef = 5D2BF2FD22A26665009FE4E3 /* Player.cpp */; };
		5D69EE58229BB1E90006542A /* Info.plist in CopyFiles */ = {isa = PBXBuildFile; fileRef = 5D69EE57229BAFD30006542A /* Info.plist */; };
		5DA97D8C22A3CCFE00BD70AA /* DrawPrimitives.cpp in Sources */ = {isa = PBXBuildFile; fileRef = 5DA97D8B22A3CCFE00BD70AA /* DrawPrimitives.cpp */; };
		5DC04813229BC42B005BB094 /* PoseEstimation.cpp in Sources */ = {isa = PBXBuildFile; fileRef = 5DC04812229BC42B005BB094 /* PoseEstimation.cpp */; };
		5DC04817229BC7A9005BB094 /* OpenGL.framework in Frameworks */ = {isa = PBXBuildFile; fileRef = 5DC04816229BC7A9005BB094 /* OpenGL.framework */; };
		5DC04819229BC819005BB094 /* libglfw.3.3.dylib in Frameworks */ = {isa = PBXBuildFile; fileRef = 5DC04818229BC819005BB094 /* libglfw.3.3.dylib */; };
		5DC744512296639900771726 /* main.cpp in Sources */ = {isa = PBXBuildFile; fileRef = 5DC744502296639900771726 /* main.cpp */; };
		5DC744592296656100771726 /* libopencv_highgui.4.1.0.dylib in Frameworks */ = {isa = PBXBuildFile; fileRef = 5DC744582296656100771726 /* libopencv_highgui.4.1.0.dylib */; };
		5DC7448922968A4F00771726 /* libopencv_dpm.4.1.0.dylib in Frameworks */ = {isa = PBXBuildFile; fileRef = 5DC7445A22968A4E00771726 /* libopencv_dpm.4.1.0.dylib */; };
		5DC7448A22968A4F00771726 /* libopencv_ml.4.1.0.dylib in Frameworks */ = {isa = PBXBuildFile; fileRef = 5DC7445B22968A4E00771726 /* libopencv_ml.4.1.0.dylib */; };
		5DC7448B22968A4F00771726 /* libopencv_videoio.4.1.0.dylib in Frameworks */ = {isa = PBXBuildFile; fileRef = 5DC7445C22968A4E00771726 /* libopencv_videoio.4.1.0.dylib */; };
		5DC7448C22968A4F00771726 /* libopencv_features2d.4.1.0.dylib in Frameworks */ = {isa = PBXBuildFile; fileRef = 5DC7445D22968A4E00771726 /* libopencv_features2d.4.1.0.dylib */; };
		5DC7448D22968A4F00771726 /* libopencv_gapi.4.1.0.dylib in Frameworks */ = {isa = PBXBuildFile; fileRef = 5DC7445E22968A4E00771726 /* libopencv_gapi.4.1.0.dylib */; };
		5DC7448E22968A4F00771726 /* libopencv_bioinspired.4.1.0.dylib in Frameworks */ = {isa = PBXBuildFile; fileRef = 5DC7445F22968A4E00771726 /* libopencv_bioinspired.4.1.0.dylib */; };
		5DC7448F22968A4F00771726 /* libopencv_dnn_objdetect.4.1.0.dylib in Frameworks */ = {isa = PBXBuildFile; fileRef = 5DC7446022968A4E00771726 /* libopencv_dnn_objdetect.4.1.0.dylib */; };
		5DC7449022968A4F00771726 /* libopencv_xfeatures2d.4.1.0.dylib in Frameworks */ = {isa = PBXBuildFile; fileRef = 5DC7446122968A4E00771726 /* libopencv_xfeatures2d.4.1.0.dylib */; };
		5DC7449122968A4F00771726 /* libopencv_freetype.4.1.0.dylib in Frameworks */ = {isa = PBXBuildFile; fileRef = 5DC7446222968A4E00771726 /* libopencv_freetype.4.1.0.dylib */; };
		5DC7449222968A4F00771726 /* libopencv_reg.4.1.0.dylib in Frameworks */ = {isa = PBXBuildFile; fileRef = 5DC7446322968A4E00771726 /* libopencv_reg.4.1.0.dylib */; };
		5DC7449322968A4F00771726 /* libopencv_datasets.4.1.0.dylib in Frameworks */ = {isa = PBXBuildFile; fileRef = 5DC7446422968A4E00771726 /* libopencv_datasets.4.1.0.dylib */; };
		5DC7449422968A4F00771726 /* libopencv_xobjdetect.4.1.0.dylib in Frameworks */ = {isa = PBXBuildFile; fileRef = 5DC7446522968A4E00771726 /* libopencv_xobjdetect.4.1.0.dylib */; };
		5DC7449522968A4F00771726 /* libopencv_ccalib.4.1.0.dylib in Frameworks */ = {isa = PBXBuildFile; fileRef = 5DC7446622968A4E00771726 /* libopencv_ccalib.4.1.0.dylib */; };
		5DC7449622968A4F00771726 /* libopencv_fuzzy.4.1.0.dylib in Frameworks */ = {isa = PBXBuildFile; fileRef = 5DC7446722968A4E00771726 /* libopencv_fuzzy.4.1.0.dylib */; };
		5DC7449722968A4F00771726 /* libopencv_plot.4.1.0.dylib in Frameworks */ = {isa = PBXBuildFile; fileRef = 5DC7446822968A4E00771726 /* libopencv_plot.4.1.0.dylib */; };
		5DC7449822968A4F00771726 /* libopencv_rgbd.4.1.0.dylib in Frameworks */ = {isa = PBXBuildFile; fileRef = 5DC7446922968A4E00771726 /* libopencv_rgbd.4.1.0.dylib */; };
		5DC7449922968A4F00771726 /* libopencv_superres.4.1.0.dylib in Frameworks */ = {isa = PBXBuildFile; fileRef = 5DC7446A22968A4E00771726 /* libopencv_superres.4.1.0.dylib */; };
		5DC7449A22968A4F00771726 /* libopencv_videostab.4.1.0.dylib in Frameworks */ = {isa = PBXBuildFile; fileRef = 5DC7446B22968A4E00771726 /* libopencv_videostab.4.1.0.dylib */; };
		5DC7449B22968A4F00771726 /* libopencv_xphoto.4.1.0.dylib in Frameworks */ = {isa = PBXBuildFile; fileRef = 5DC7446C22968A4E00771726 /* libopencv_xphoto.4.1.0.dylib */; };
		5DC7449C22968A4F00771726 /* libopencv_sfm.4.1.0.dylib in Frameworks */ = {isa = PBXBuildFile; fileRef = 5DC7446D22968A4E00771726 /* libopencv_sfm.4.1.0.dylib */; };
		5DC7449D22968A4F00771726 /* libopencv_face.4.1.0.dylib in Frameworks */ = {isa = PBXBuildFile; fileRef = 5DC7446E22968A4E00771726 /* libopencv_face.4.1.0.dylib */; };
		5DC7449E22968A4F00771726 /* libopencv_img_hash.4.1.0.dylib in Frameworks */ = {isa = PBXBuildFile; fileRef = 5DC7446F22968A4E00771726 /* libopencv_img_hash.4.1.0.dylib */; };
		5DC7449F22968A4F00771726 /* libopencv_structured_light.4.1.0.dylib in Frameworks */ = {isa = PBXBuildFile; fileRef = 5DC7447022968A4E00771726 /* libopencv_structured_light.4.1.0.dylib */; };
		5DC744A022968A4F00771726 /* libopencv_tracking.4.1.0.dylib in Frameworks */ = {isa = PBXBuildFile; fileRef = 5DC7447122968A4E00771726 /* libopencv_tracking.4.1.0.dylib */; };
		5DC744A122968A4F00771726 /* libopencv_imgproc.4.1.0.dylib in Frameworks */ = {isa = PBXBuildFile; fileRef = 5DC7447222968A4F00771726 /* libopencv_imgproc.4.1.0.dylib */; };
		5DC744A222968A4F00771726 /* libopencv_line_descriptor.4.1.0.dylib in Frameworks */ = {isa = PBXBuildFile; fileRef = 5DC7447322968A4F00771726 /* libopencv_line_descriptor.4.1.0.dylib */; };
		5DC744A322968A4F00771726 /* libopencv_text.4.1.0.dylib in Frameworks */ = {isa = PBXBuildFile; fileRef = 5DC7447422968A4F00771726 /* libopencv_text.4.1.0.dylib */; };
		5DC744A422968A4F00771726 /* libopencv_saliency.4.1.0.dylib in Frameworks */ = {isa = PBXBuildFile; fileRef = 5DC7447522968A4F00771726 /* libopencv_saliency.4.1.0.dylib */; };
		5DC744A522968A4F00771726 /* libopencv_optflow.4.1.0.dylib in Frameworks */ = {isa = PBXBuildFile; fileRef = 5DC7447622968A4F00771726 /* libopencv_optflow.4.1.0.dylib */; };
		5DC744A622968A4F00771726 /* libopencv_core.4.1.0.dylib in Frameworks */ = {isa = PBXBuildFile; fileRef = 5DC7447722968A4F00771726 /* libopencv_core.4.1.0.dylib */; };
		5DC744A722968A4F00771726 /* libopencv_video.4.1.0.dylib in Frameworks */ = {isa = PBXBuildFile; fileRef = 5DC7447822968A4F00771726 /* libopencv_video.4.1.0.dylib */; };
		5DC744A822968A4F00771726 /* libopencv_shape.4.1.0.dylib in Frameworks */ = {isa = PBXBuildFile; fileRef = 5DC7447922968A4F00771726 /* libopencv_shape.4.1.0.dylib */; };
		5DC744A922968A4F00771726 /* libopencv_dnn.4.1.0.dylib in Frameworks */ = {isa = PBXBuildFile; fileRef = 5DC7447A22968A4F00771726 /* libopencv_dnn.4.1.0.dylib */; };
		5DC744AA22968A4F00771726 /* libopencv_objdetect.4.1.0.dylib in Frameworks */ = {isa = PBXBuildFile; fileRef = 5DC7447B22968A4F00771726 /* libopencv_objdetect.4.1.0.dylib */; };
		5DC744AB22968A4F00771726 /* libopencv_hfs.4.1.0.dylib in Frameworks */ = {isa = PBXBuildFile; fileRef = 5DC7447C22968A4F00771726 /* libopencv_hfs.4.1.0.dylib */; };
		5DC744AC22968A4F00771726 /* libopencv_surface_matching.4.1.0.dylib in Frameworks */ = {isa = PBXBuildFile; fileRef = 5DC7447D22968A4F00771726 /* libopencv_surface_matching.4.1.0.dylib */; };
		5DC744AD22968A4F00771726 /* libopencv_ximgproc.4.1.0.dylib in Frameworks */ = {isa = PBXBuildFile; fileRef = 5DC7447E22968A4F00771726 /* libopencv_ximgproc.4.1.0.dylib */; };
		5DC744AE22968A4F00771726 /* libopencv_stitching.4.1.0.dylib in Frameworks */ = {isa = PBXBuildFile; fileRef = 5DC7447F22968A4F00771726 /* libopencv_stitching.4.1.0.dylib */; };
		5DC744AF22968A4F00771726 /* libopencv_quality.4.1.0.dylib in Frameworks */ = {isa = PBXBuildFile; fileRef = 5DC7448022968A4F00771726 /* libopencv_quality.4.1.0.dylib */; };
		5DC744B022968A4F00771726 /* libopencv_aruco.4.1.0.dylib in Frameworks */ = {isa = PBXBuildFile; fileRef = 5DC7448122968A4F00771726 /* libopencv_aruco.4.1.0.dylib */; };
		5DC744B122968A4F00771726 /* libopencv_phase_unwrapping.4.1.0.dylib in Frameworks */ = {isa = PBXBuildFile; fileRef = 5DC7448222968A4F00771726 /* libopencv_phase_unwrapping.4.1.0.dylib */; };
		5DC744B222968A4F00771726 /* libopencv_photo.4.1.0.dylib in Frameworks */ = {isa = PBXBuildFile; fileRef = 5DC7448322968A4F00771726 /* libopencv_photo.4.1.0.dylib */; };
		5DC744B322968A4F00771726 /* libopencv_stereo.4.1.0.dylib in Frameworks */ = {isa = PBXBuildFile; fileRef = 5DC7448422968A4F00771726 /* libopencv_stereo.4.1.0.dylib */; };
		5DC744B422968A4F00771726 /* libopencv_bgsegm.4.1.0.dylib in Frameworks */ = {isa = PBXBuildFile; fileRef = 5DC7448522968A4F00771726 /* libopencv_bgsegm.4.1.0.dylib */; };
		5DC744B522968A4F00771726 /* libopencv_imgcodecs.4.1.0.dylib in Frameworks */ = {isa = PBXBuildFile; fileRef = 5DC7448622968A4F00771726 /* libopencv_imgcodecs.4.1.0.dylib */; };
		5DC744B622968A4F00771726 /* libopencv_calib3d.4.1.0.dylib in Frameworks */ = {isa = PBXBuildFile; fileRef = 5DC7448722968A4F00771726 /* libopencv_calib3d.4.1.0.dylib */; };
		5DC744B722968A4F00771726 /* libopencv_flann.4.1.0.dylib in Frameworks */ = {isa = PBXBuildFile; fileRef = 5DC7448822968A4F00771726 /* libopencv_flann.4.1.0.dylib */; };
		FD3FD423229D0E6D00657C58 /* MarkerTracker.cpp in Sources */ = {isa = PBXBuildFile; fileRef = FD3FD422229D0E6D00657C58 /* MarkerTracker.cpp */; };
		FDC4455622AB97E500853A67 /* CoreFoundation.framework in Frameworks */ = {isa = PBXBuildFile; fileRef = FDC4455522AB97E500853A67 /* CoreFoundation.framework */; };
/* End PBXBuildFile section */

/* Begin PBXCopyFilesBuildPhase section */
		5DC7444B2296639900771726 /* CopyFiles */ = {
			isa = PBXCopyFilesBuildPhase;
			buildActionMask = 12;
			dstPath = "";
			dstSubfolderSpec = 16;
			files = (
				5D69EE58229BB1E90006542A /* Info.plist in CopyFiles */,
			);
			runOnlyForDeploymentPostprocessing = 0;
		};
/* End PBXCopyFilesBuildPhase section */

/* Begin PBXFileReference section */
		5B26294F22AA57430038A440 /* GameElements.cpp */ = {isa = PBXFileReference; lastKnownFileType = sourcecode.cpp.cpp; path = GameElements.cpp; sourceTree = "<group>"; };
		5B26295022AA57430038A440 /* GameElements.hpp */ = {isa = PBXFileReference; lastKnownFileType = sourcecode.cpp.h; path = GameElements.hpp; sourceTree = "<group>"; };
		5D0DD024229FE07C00CE4593 /* Ball.cpp */ = {isa = PBXFileReference; lastKnownFileType = sourcecode.cpp.cpp; path = Ball.cpp; sourceTree = "<group>"; };
		5D0DD025229FE07C00CE4593 /* Ball.hpp */ = {isa = PBXFileReference; lastKnownFileType = sourcecode.cpp.h; path = Ball.hpp; sourceTree = "<group>"; };
		5D2BF2FA22A2612E009FE4E3 /* Object.cpp */ = {isa = PBXFileReference; lastKnownFileType = sourcecode.cpp.cpp; path = Object.cpp; sourceTree = "<group>"; };
		5D2BF2FB22A2612E009FE4E3 /* Object.hpp */ = {isa = PBXFileReference; lastKnownFileType = sourcecode.cpp.h; path = Object.hpp; sourceTree = "<group>"; };
		5D2BF2FD22A26665009FE4E3 /* Player.cpp */ = {isa = PBXFileReference; lastKnownFileType = sourcecode.cpp.cpp; path = Player.cpp; sourceTree = "<group>"; };
		5D2BF2FE22A26665009FE4E3 /* Player.hpp */ = {isa = PBXFileReference; lastKnownFileType = sourcecode.cpp.h; path = Player.hpp; sourceTree = "<group>"; };
		5D69EE57229BAFD30006542A /* Info.plist */ = {isa = PBXFileReference; lastKnownFileType = text.plist.xml; path = Info.plist; sourceTree = "<group>"; };
		5DA97D8B22A3CCFE00BD70AA /* DrawPrimitives.cpp */ = {isa = PBXFileReference; lastKnownFileType = sourcecode.cpp.cpp; path = DrawPrimitives.cpp; sourceTree = "<group>"; };
		5DC0480F229BC40E005BB094 /* MarkerTracker.h */ = {isa = PBXFileReference; fileEncoding = 4; lastKnownFileType = sourcecode.c.h; path = MarkerTracker.h; sourceTree = "<group>"; };
		5DC04812229BC42B005BB094 /* PoseEstimation.cpp */ = {isa = PBXFileReference; fileEncoding = 4; lastKnownFileType = sourcecode.cpp.cpp; path = PoseEstimation.cpp; sourceTree = "<group>"; };
		5DC04814229BC432005BB094 /* PoseEstimation.h */ = {isa = PBXFileReference; fileEncoding = 4; lastKnownFileType = sourcecode.c.h; path = PoseEstimation.h; sourceTree = "<group>"; };
		5DC04815229BC43B005BB094 /* DrawPrimitives.h */ = {isa = PBXFileReference; fileEncoding = 4; lastKnownFileType = sourcecode.c.h; path = DrawPrimitives.h; sourceTree = "<group>"; };
		5DC04816229BC7A9005BB094 /* OpenGL.framework */ = {isa = PBXFileReference; lastKnownFileType = wrapper.framework; name = OpenGL.framework; path = System/Library/Frameworks/OpenGL.framework; sourceTree = SDKROOT; };
		5DC04818229BC819005BB094 /* libglfw.3.3.dylib */ = {isa = PBXFileReference; lastKnownFileType = "compiled.mach-o.dylib"; name = libglfw.3.3.dylib; path = ../../../../usr/local/Cellar/glfw/3.3/lib/libglfw.3.3.dylib; sourceTree = "<group>"; };
		5DC7444D2296639900771726 /* ARClassProject */ = {isa = PBXFileReference; explicitFileType = "compiled.mach-o.executable"; includeInIndex = 0; path = ARClassProject; sourceTree = BUILT_PRODUCTS_DIR; };
		5DC744502296639900771726 /* main.cpp */ = {isa = PBXFileReference; lastKnownFileType = sourcecode.cpp.cpp; path = main.cpp; sourceTree = "<group>"; };
		5DC744582296656100771726 /* libopencv_highgui.4.1.0.dylib */ = {isa = PBXFileReference; lastKnownFileType = "compiled.mach-o.dylib"; name = libopencv_highgui.4.1.0.dylib; path = ../../../../usr/local/Cellar/opencv/4.1.0_2/lib/libopencv_highgui.4.1.0.dylib; sourceTree = "<group>"; };
		5DC7445A22968A4E00771726 /* libopencv_dpm.4.1.0.dylib */ = {isa = PBXFileReference; lastKnownFileType = "compiled.mach-o.dylib"; name = libopencv_dpm.4.1.0.dylib; path = ../../../../usr/local/Cellar/opencv/4.1.0_2/lib/libopencv_dpm.4.1.0.dylib; sourceTree = "<group>"; };
		5DC7445B22968A4E00771726 /* libopencv_ml.4.1.0.dylib */ = {isa = PBXFileReference; lastKnownFileType = "compiled.mach-o.dylib"; name = libopencv_ml.4.1.0.dylib; path = ../../../../usr/local/Cellar/opencv/4.1.0_2/lib/libopencv_ml.4.1.0.dylib; sourceTree = "<group>"; };
		5DC7445C22968A4E00771726 /* libopencv_videoio.4.1.0.dylib */ = {isa = PBXFileReference; lastKnownFileType = "compiled.mach-o.dylib"; name = libopencv_videoio.4.1.0.dylib; path = ../../../../usr/local/Cellar/opencv/4.1.0_2/lib/libopencv_videoio.4.1.0.dylib; sourceTree = "<group>"; };
		5DC7445D22968A4E00771726 /* libopencv_features2d.4.1.0.dylib */ = {isa = PBXFileReference; lastKnownFileType = "compiled.mach-o.dylib"; name = libopencv_features2d.4.1.0.dylib; path = ../../../../usr/local/Cellar/opencv/4.1.0_2/lib/libopencv_features2d.4.1.0.dylib; sourceTree = "<group>"; };
		5DC7445E22968A4E00771726 /* libopencv_gapi.4.1.0.dylib */ = {isa = PBXFileReference; lastKnownFileType = "compiled.mach-o.dylib"; name = libopencv_gapi.4.1.0.dylib; path = ../../../../usr/local/Cellar/opencv/4.1.0_2/lib/libopencv_gapi.4.1.0.dylib; sourceTree = "<group>"; };
		5DC7445F22968A4E00771726 /* libopencv_bioinspired.4.1.0.dylib */ = {isa = PBXFileReference; lastKnownFileType = "compiled.mach-o.dylib"; name = libopencv_bioinspired.4.1.0.dylib; path = ../../../../usr/local/Cellar/opencv/4.1.0_2/lib/libopencv_bioinspired.4.1.0.dylib; sourceTree = "<group>"; };
		5DC7446022968A4E00771726 /* libopencv_dnn_objdetect.4.1.0.dylib */ = {isa = PBXFileReference; lastKnownFileType = "compiled.mach-o.dylib"; name = libopencv_dnn_objdetect.4.1.0.dylib; path = ../../../../usr/local/Cellar/opencv/4.1.0_2/lib/libopencv_dnn_objdetect.4.1.0.dylib; sourceTree = "<group>"; };
		5DC7446122968A4E00771726 /* libopencv_xfeatures2d.4.1.0.dylib */ = {isa = PBXFileReference; lastKnownFileType = "compiled.mach-o.dylib"; name = libopencv_xfeatures2d.4.1.0.dylib; path = ../../../../usr/local/Cellar/opencv/4.1.0_2/lib/libopencv_xfeatures2d.4.1.0.dylib; sourceTree = "<group>"; };
		5DC7446222968A4E00771726 /* libopencv_freetype.4.1.0.dylib */ = {isa = PBXFileReference; lastKnownFileType = "compiled.mach-o.dylib"; name = libopencv_freetype.4.1.0.dylib; path = ../../../../usr/local/Cellar/opencv/4.1.0_2/lib/libopencv_freetype.4.1.0.dylib; sourceTree = "<group>"; };
		5DC7446322968A4E00771726 /* libopencv_reg.4.1.0.dylib */ = {isa = PBXFileReference; lastKnownFileType = "compiled.mach-o.dylib"; name = libopencv_reg.4.1.0.dylib; path = ../../../../usr/local/Cellar/opencv/4.1.0_2/lib/libopencv_reg.4.1.0.dylib; sourceTree = "<group>"; };
		5DC7446422968A4E00771726 /* libopencv_datasets.4.1.0.dylib */ = {isa = PBXFileReference; lastKnownFileType = "compiled.mach-o.dylib"; name = libopencv_datasets.4.1.0.dylib; path = ../../../../usr/local/Cellar/opencv/4.1.0_2/lib/libopencv_datasets.4.1.0.dylib; sourceTree = "<group>"; };
		5DC7446522968A4E00771726 /* libopencv_xobjdetect.4.1.0.dylib */ = {isa = PBXFileReference; lastKnownFileType = "compiled.mach-o.dylib"; name = libopencv_xobjdetect.4.1.0.dylib; path = ../../../../usr/local/Cellar/opencv/4.1.0_2/lib/libopencv_xobjdetect.4.1.0.dylib; sourceTree = "<group>"; };
		5DC7446622968A4E00771726 /* libopencv_ccalib.4.1.0.dylib */ = {isa = PBXFileReference; lastKnownFileType = "compiled.mach-o.dylib"; name = libopencv_ccalib.4.1.0.dylib; path = ../../../../usr/local/Cellar/opencv/4.1.0_2/lib/libopencv_ccalib.4.1.0.dylib; sourceTree = "<group>"; };
		5DC7446722968A4E00771726 /* libopencv_fuzzy.4.1.0.dylib */ = {isa = PBXFileReference; lastKnownFileType = "compiled.mach-o.dylib"; name = libopencv_fuzzy.4.1.0.dylib; path = ../../../../usr/local/Cellar/opencv/4.1.0_2/lib/libopencv_fuzzy.4.1.0.dylib; sourceTree = "<group>"; };
		5DC7446822968A4E00771726 /* libopencv_plot.4.1.0.dylib */ = {isa = PBXFileReference; lastKnownFileType = "compiled.mach-o.dylib"; name = libopencv_plot.4.1.0.dylib; path = ../../../../usr/local/Cellar/opencv/4.1.0_2/lib/libopencv_plot.4.1.0.dylib; sourceTree = "<group>"; };
		5DC7446922968A4E00771726 /* libopencv_rgbd.4.1.0.dylib */ = {isa = PBXFileReference; lastKnownFileType = "compiled.mach-o.dylib"; name = libopencv_rgbd.4.1.0.dylib; path = ../../../../usr/local/Cellar/opencv/4.1.0_2/lib/libopencv_rgbd.4.1.0.dylib; sourceTree = "<group>"; };
		5DC7446A22968A4E00771726 /* libopencv_superres.4.1.0.dylib */ = {isa = PBXFileReference; lastKnownFileType = "compiled.mach-o.dylib"; name = libopencv_superres.4.1.0.dylib; path = ../../../../usr/local/Cellar/opencv/4.1.0_2/lib/libopencv_superres.4.1.0.dylib; sourceTree = "<group>"; };
		5DC7446B22968A4E00771726 /* libopencv_videostab.4.1.0.dylib */ = {isa = PBXFileReference; lastKnownFileType = "compiled.mach-o.dylib"; name = libopencv_videostab.4.1.0.dylib; path = ../../../../usr/local/Cellar/opencv/4.1.0_2/lib/libopencv_videostab.4.1.0.dylib; sourceTree = "<group>"; };
		5DC7446C22968A4E00771726 /* libopencv_xphoto.4.1.0.dylib */ = {isa = PBXFileReference; lastKnownFileType = "compiled.mach-o.dylib"; name = libopencv_xphoto.4.1.0.dylib; path = ../../../../usr/local/Cellar/opencv/4.1.0_2/lib/libopencv_xphoto.4.1.0.dylib; sourceTree = "<group>"; };
		5DC7446D22968A4E00771726 /* libopencv_sfm.4.1.0.dylib */ = {isa = PBXFileReference; lastKnownFileType = "compiled.mach-o.dylib"; name = libopencv_sfm.4.1.0.dylib; path = ../../../../usr/local/Cellar/opencv/4.1.0_2/lib/libopencv_sfm.4.1.0.dylib; sourceTree = "<group>"; };
		5DC7446E22968A4E00771726 /* libopencv_face.4.1.0.dylib */ = {isa = PBXFileReference; lastKnownFileType = "compiled.mach-o.dylib"; name = libopencv_face.4.1.0.dylib; path = ../../../../usr/local/Cellar/opencv/4.1.0_2/lib/libopencv_face.4.1.0.dylib; sourceTree = "<group>"; };
		5DC7446F22968A4E00771726 /* libopencv_img_hash.4.1.0.dylib */ = {isa = PBXFileReference; lastKnownFileType = "compiled.mach-o.dylib"; name = libopencv_img_hash.4.1.0.dylib; path = ../../../../usr/local/Cellar/opencv/4.1.0_2/lib/libopencv_img_hash.4.1.0.dylib; sourceTree = "<group>"; };
		5DC7447022968A4E00771726 /* libopencv_structured_light.4.1.0.dylib */ = {isa = PBXFileReference; lastKnownFileType = "compiled.mach-o.dylib"; name = libopencv_structured_light.4.1.0.dylib; path = ../../../../usr/local/Cellar/opencv/4.1.0_2/lib/libopencv_structured_light.4.1.0.dylib; sourceTree = "<group>"; };
		5DC7447122968A4E00771726 /* libopencv_tracking.4.1.0.dylib */ = {isa = PBXFileReference; lastKnownFileType = "compiled.mach-o.dylib"; name = libopencv_tracking.4.1.0.dylib; path = ../../../../usr/local/Cellar/opencv/4.1.0_2/lib/libopencv_tracking.4.1.0.dylib; sourceTree = "<group>"; };
		5DC7447222968A4F00771726 /* libopencv_imgproc.4.1.0.dylib */ = {isa = PBXFileReference; lastKnownFileType = "compiled.mach-o.dylib"; name = libopencv_imgproc.4.1.0.dylib; path = ../../../../usr/local/Cellar/opencv/4.1.0_2/lib/libopencv_imgproc.4.1.0.dylib; sourceTree = "<group>"; };
		5DC7447322968A4F00771726 /* libopencv_line_descriptor.4.1.0.dylib */ = {isa = PBXFileReference; lastKnownFileType = "compiled.mach-o.dylib"; name = libopencv_line_descriptor.4.1.0.dylib; path = ../../../../usr/local/Cellar/opencv/4.1.0_2/lib/libopencv_line_descriptor.4.1.0.dylib; sourceTree = "<group>"; };
		5DC7447422968A4F00771726 /* libopencv_text.4.1.0.dylib */ = {isa = PBXFileReference; lastKnownFileType = "compiled.mach-o.dylib"; name = libopencv_text.4.1.0.dylib; path = ../../../../usr/local/Cellar/opencv/4.1.0_2/lib/libopencv_text.4.1.0.dylib; sourceTree = "<group>"; };
		5DC7447522968A4F00771726 /* libopencv_saliency.4.1.0.dylib */ = {isa = PBXFileReference; lastKnownFileType = "compiled.mach-o.dylib"; name = libopencv_saliency.4.1.0.dylib; path = ../../../../usr/local/Cellar/opencv/4.1.0_2/lib/libopencv_saliency.4.1.0.dylib; sourceTree = "<group>"; };
		5DC7447622968A4F00771726 /* libopencv_optflow.4.1.0.dylib */ = {isa = PBXFileReference; lastKnownFileType = "compiled.mach-o.dylib"; name = libopencv_optflow.4.1.0.dylib; path = ../../../../usr/local/Cellar/opencv/4.1.0_2/lib/libopencv_optflow.4.1.0.dylib; sourceTree = "<group>"; };
		5DC7447722968A4F00771726 /* libopencv_core.4.1.0.dylib */ = {isa = PBXFileReference; lastKnownFileType = "compiled.mach-o.dylib"; name = libopencv_core.4.1.0.dylib; path = ../../../../usr/local/Cellar/opencv/4.1.0_2/lib/libopencv_core.4.1.0.dylib; sourceTree = "<group>"; };
		5DC7447822968A4F00771726 /* libopencv_video.4.1.0.dylib */ = {isa = PBXFileReference; lastKnownFileType = "compiled.mach-o.dylib"; name = libopencv_video.4.1.0.dylib; path = ../../../../usr/local/Cellar/opencv/4.1.0_2/lib/libopencv_video.4.1.0.dylib; sourceTree = "<group>"; };
		5DC7447922968A4F00771726 /* libopencv_shape.4.1.0.dylib */ = {isa = PBXFileReference; lastKnownFileType = "compiled.mach-o.dylib"; name = libopencv_shape.4.1.0.dylib; path = ../../../../usr/local/Cellar/opencv/4.1.0_2/lib/libopencv_shape.4.1.0.dylib; sourceTree = "<group>"; };
		5DC7447A22968A4F00771726 /* libopencv_dnn.4.1.0.dylib */ = {isa = PBXFileReference; lastKnownFileType = "compiled.mach-o.dylib"; name = libopencv_dnn.4.1.0.dylib; path = ../../../../usr/local/Cellar/opencv/4.1.0_2/lib/libopencv_dnn.4.1.0.dylib; sourceTree = "<group>"; };
		5DC7447B22968A4F00771726 /* libopencv_objdetect.4.1.0.dylib */ = {isa = PBXFileReference; lastKnownFileType = "compiled.mach-o.dylib"; name = libopencv_objdetect.4.1.0.dylib; path = ../../../../usr/local/Cellar/opencv/4.1.0_2/lib/libopencv_objdetect.4.1.0.dylib; sourceTree = "<group>"; };
		5DC7447C22968A4F00771726 /* libopencv_hfs.4.1.0.dylib */ = {isa = PBXFileReference; lastKnownFileType = "compiled.mach-o.dylib"; name = libopencv_hfs.4.1.0.dylib; path = ../../../../usr/local/Cellar/opencv/4.1.0_2/lib/libopencv_hfs.4.1.0.dylib; sourceTree = "<group>"; };
		5DC7447D22968A4F00771726 /* libopencv_surface_matching.4.1.0.dylib */ = {isa = PBXFileReference; lastKnownFileType = "compiled.mach-o.dylib"; name = libopencv_surface_matching.4.1.0.dylib; path = ../../../../usr/local/Cellar/opencv/4.1.0_2/lib/libopencv_surface_matching.4.1.0.dylib; sourceTree = "<group>"; };
		5DC7447E22968A4F00771726 /* libopencv_ximgproc.4.1.0.dylib */ = {isa = PBXFileReference; lastKnownFileType = "compiled.mach-o.dylib"; name = libopencv_ximgproc.4.1.0.dylib; path = ../../../../usr/local/Cellar/opencv/4.1.0_2/lib/libopencv_ximgproc.4.1.0.dylib; sourceTree = "<group>"; };
		5DC7447F22968A4F00771726 /* libopencv_stitching.4.1.0.dylib */ = {isa = PBXFileReference; lastKnownFileType = "compiled.mach-o.dylib"; name = libopencv_stitching.4.1.0.dylib; path = ../../../../usr/local/Cellar/opencv/4.1.0_2/lib/libopencv_stitching.4.1.0.dylib; sourceTree = "<group>"; };
		5DC7448022968A4F00771726 /* libopencv_quality.4.1.0.dylib */ = {isa = PBXFileReference; lastKnownFileType = "compiled.mach-o.dylib"; name = libopencv_quality.4.1.0.dylib; path = ../../../../usr/local/Cellar/opencv/4.1.0_2/lib/libopencv_quality.4.1.0.dylib; sourceTree = "<group>"; };
		5DC7448122968A4F00771726 /* libopencv_aruco.4.1.0.dylib */ = {isa = PBXFileReference; lastKnownFileType = "compiled.mach-o.dylib"; name = libopencv_aruco.4.1.0.dylib; path = ../../../../usr/local/Cellar/opencv/4.1.0_2/lib/libopencv_aruco.4.1.0.dylib; sourceTree = "<group>"; };
		5DC7448222968A4F00771726 /* libopencv_phase_unwrapping.4.1.0.dylib */ = {isa = PBXFileReference; lastKnownFileType = "compiled.mach-o.dylib"; name = libopencv_phase_unwrapping.4.1.0.dylib; path = ../../../../usr/local/Cellar/opencv/4.1.0_2/lib/libopencv_phase_unwrapping.4.1.0.dylib; sourceTree = "<group>"; };
		5DC7448322968A4F00771726 /* libopencv_photo.4.1.0.dylib */ = {isa = PBXFileReference; lastKnownFileType = "compiled.mach-o.dylib"; name = libopencv_photo.4.1.0.dylib; path = ../../../../usr/local/Cellar/opencv/4.1.0_2/lib/libopencv_photo.4.1.0.dylib; sourceTree = "<group>"; };
		5DC7448422968A4F00771726 /* libopencv_stereo.4.1.0.dylib */ = {isa = PBXFileReference; lastKnownFileType = "compiled.mach-o.dylib"; name = libopencv_stereo.4.1.0.dylib; path = ../../../../usr/local/Cellar/opencv/4.1.0_2/lib/libopencv_stereo.4.1.0.dylib; sourceTree = "<group>"; };
		5DC7448522968A4F00771726 /* libopencv_bgsegm.4.1.0.dylib */ = {isa = PBXFileReference; lastKnownFileType = "compiled.mach-o.dylib"; name = libopencv_bgsegm.4.1.0.dylib; path = ../../../../usr/local/Cellar/opencv/4.1.0_2/lib/libopencv_bgsegm.4.1.0.dylib; sourceTree = "<group>"; };
		5DC7448622968A4F00771726 /* libopencv_imgcodecs.4.1.0.dylib */ = {isa = PBXFileReference; lastKnownFileType = "compiled.mach-o.dylib"; name = libopencv_imgcodecs.4.1.0.dylib; path = ../../../../usr/local/Cellar/opencv/4.1.0_2/lib/libopencv_imgcodecs.4.1.0.dylib; sourceTree = "<group>"; };
		5DC7448722968A4F00771726 /* libopencv_calib3d.4.1.0.dylib */ = {isa = PBXFileReference; lastKnownFileType = "compiled.mach-o.dylib"; name = libopencv_calib3d.4.1.0.dylib; path = ../../../../usr/local/Cellar/opencv/4.1.0_2/lib/libopencv_calib3d.4.1.0.dylib; sourceTree = "<group>"; };
		5DC7448822968A4F00771726 /* libopencv_flann.4.1.0.dylib */ = {isa = PBXFileReference; lastKnownFileType = "compiled.mach-o.dylib"; name = libopencv_flann.4.1.0.dylib; path = ../../../../usr/local/Cellar/opencv/4.1.0_2/lib/libopencv_flann.4.1.0.dylib; sourceTree = "<group>"; };
		FD3FD422229D0E6D00657C58 /* MarkerTracker.cpp */ = {isa = PBXFileReference; indentWidth = 2; lastKnownFileType = sourcecode.cpp.cpp; path = MarkerTracker.cpp; sourceTree = "<group>"; tabWidth = 2; };
		FD89A32922AB78ED00F8558B /* GameLoop.hpp */ = {isa = PBXFileReference; lastKnownFileType = sourcecode.cpp.h; path = GameLoop.hpp; sourceTree = "<group>"; };
		FDC4455522AB97E500853A67 /* CoreFoundation.framework */ = {isa = PBXFileReference; lastKnownFileType = wrapper.framework; name = CoreFoundation.framework; path = System/Library/Frameworks/CoreFoundation.framework; sourceTree = SDKROOT; };
/* End PBXFileReference section */

/* Begin PBXFrameworksBuildPhase section */
		5DC7444A2296639900771726 /* Frameworks */ = {
			isa = PBXFrameworksBuildPhase;
			buildActionMask = 2147483647;
			files = (
				FDC4455622AB97E500853A67 /* CoreFoundation.framework in Frameworks */,
				5DC04817229BC7A9005BB094 /* OpenGL.framework in Frameworks */,
				5DC744592296656100771726 /* libopencv_highgui.4.1.0.dylib in Frameworks */,
				5DC04819229BC819005BB094 /* libglfw.3.3.dylib in Frameworks */,
				5DC7448922968A4F00771726 /* libopencv_dpm.4.1.0.dylib in Frameworks */,
				5DC7448A22968A4F00771726 /* libopencv_ml.4.1.0.dylib in Frameworks */,
				5DC7448B22968A4F00771726 /* libopencv_videoio.4.1.0.dylib in Frameworks */,
				5DC7448C22968A4F00771726 /* libopencv_features2d.4.1.0.dylib in Frameworks */,
				5DC7448D22968A4F00771726 /* libopencv_gapi.4.1.0.dylib in Frameworks */,
				5DC7448E22968A4F00771726 /* libopencv_bioinspired.4.1.0.dylib in Frameworks */,
				5DC7448F22968A4F00771726 /* libopencv_dnn_objdetect.4.1.0.dylib in Frameworks */,
				5DC7449022968A4F00771726 /* libopencv_xfeatures2d.4.1.0.dylib in Frameworks */,
				5DC7449122968A4F00771726 /* libopencv_freetype.4.1.0.dylib in Frameworks */,
				5DC7449222968A4F00771726 /* libopencv_reg.4.1.0.dylib in Frameworks */,
				5DC7449322968A4F00771726 /* libopencv_datasets.4.1.0.dylib in Frameworks */,
				5DC7449422968A4F00771726 /* libopencv_xobjdetect.4.1.0.dylib in Frameworks */,
				5DC7449522968A4F00771726 /* libopencv_ccalib.4.1.0.dylib in Frameworks */,
				5DC7449622968A4F00771726 /* libopencv_fuzzy.4.1.0.dylib in Frameworks */,
				5DC7449722968A4F00771726 /* libopencv_plot.4.1.0.dylib in Frameworks */,
				5DC7449822968A4F00771726 /* libopencv_rgbd.4.1.0.dylib in Frameworks */,
				5DC7449922968A4F00771726 /* libopencv_superres.4.1.0.dylib in Frameworks */,
				5DC7449A22968A4F00771726 /* libopencv_videostab.4.1.0.dylib in Frameworks */,
				5DC7449B22968A4F00771726 /* libopencv_xphoto.4.1.0.dylib in Frameworks */,
				5DC7449C22968A4F00771726 /* libopencv_sfm.4.1.0.dylib in Frameworks */,
				5DC7449D22968A4F00771726 /* libopencv_face.4.1.0.dylib in Frameworks */,
				5DC7449E22968A4F00771726 /* libopencv_img_hash.4.1.0.dylib in Frameworks */,
				5DC7449F22968A4F00771726 /* libopencv_structured_light.4.1.0.dylib in Frameworks */,
				5DC744A022968A4F00771726 /* libopencv_tracking.4.1.0.dylib in Frameworks */,
				5DC744A122968A4F00771726 /* libopencv_imgproc.4.1.0.dylib in Frameworks */,
				5DC744A222968A4F00771726 /* libopencv_line_descriptor.4.1.0.dylib in Frameworks */,
				5DC744A322968A4F00771726 /* libopencv_text.4.1.0.dylib in Frameworks */,
				5DC744A422968A4F00771726 /* libopencv_saliency.4.1.0.dylib in Frameworks */,
				5DC744A522968A4F00771726 /* libopencv_optflow.4.1.0.dylib in Frameworks */,
				5DC744A622968A4F00771726 /* libopencv_core.4.1.0.dylib in Frameworks */,
				5DC744A722968A4F00771726 /* libopencv_video.4.1.0.dylib in Frameworks */,
				5DC744A822968A4F00771726 /* libopencv_shape.4.1.0.dylib in Frameworks */,
				5DC744A922968A4F00771726 /* libopencv_dnn.4.1.0.dylib in Frameworks */,
				5DC744AA22968A4F00771726 /* libopencv_objdetect.4.1.0.dylib in Frameworks */,
				5DC744AB22968A4F00771726 /* libopencv_hfs.4.1.0.dylib in Frameworks */,
				5DC744AC22968A4F00771726 /* libopencv_surface_matching.4.1.0.dylib in Frameworks */,
				5DC744AD22968A4F00771726 /* libopencv_ximgproc.4.1.0.dylib in Frameworks */,
				5DC744AE22968A4F00771726 /* libopencv_stitching.4.1.0.dylib in Frameworks */,
				5DC744AF22968A4F00771726 /* libopencv_quality.4.1.0.dylib in Frameworks */,
				5DC744B022968A4F00771726 /* libopencv_aruco.4.1.0.dylib in Frameworks */,
				5DC744B122968A4F00771726 /* libopencv_phase_unwrapping.4.1.0.dylib in Frameworks */,
				5DC744B222968A4F00771726 /* libopencv_photo.4.1.0.dylib in Frameworks */,
				5DC744B322968A4F00771726 /* libopencv_stereo.4.1.0.dylib in Frameworks */,
				5DC744B422968A4F00771726 /* libopencv_bgsegm.4.1.0.dylib in Frameworks */,
				5DC744B522968A4F00771726 /* libopencv_imgcodecs.4.1.0.dylib in Frameworks */,
				5DC744B622968A4F00771726 /* libopencv_calib3d.4.1.0.dylib in Frameworks */,
				5DC744B722968A4F00771726 /* libopencv_flann.4.1.0.dylib in Frameworks */,
			);
			runOnlyForDeploymentPostprocessing = 0;
		};
/* End PBXFrameworksBuildPhase section */

/* Begin PBXGroup section */
		5DC744442296639900771726 = {
			isa = PBXGroup;
			children = (
				5DC7444F2296639900771726 /* ARClassProject */,
				5DC7444E2296639900771726 /* Products */,
				5DC744572296656100771726 /* Frameworks */,
			);
			sourceTree = "<group>";
		};
		5DC7444E2296639900771726 /* Products */ = {
			isa = PBXGroup;
			children = (
				5DC7444D2296639900771726 /* ARClassProject */,
			);
			name = Products;
			sourceTree = "<group>";
		};
		5DC7444F2296639900771726 /* ARClassProject */ = {
			isa = PBXGroup;
			children = (
				5DC744502296639900771726 /* main.cpp */,
				5D0DD024229FE07C00CE4593 /* Ball.cpp */,
				5D0DD025229FE07C00CE4593 /* Ball.hpp */,
				5D2BF2FA22A2612E009FE4E3 /* Object.cpp */,
				5D2BF2FB22A2612E009FE4E3 /* Object.hpp */,
				5D2BF2FD22A26665009FE4E3 /* Player.cpp */,
				5D2BF2FE22A26665009FE4E3 /* Player.hpp */,
				5D69EE57229BAFD30006542A /* Info.plist */,
				5DC0480F229BC40E005BB094 /* MarkerTracker.h */,
				FD3FD422229D0E6D00657C58 /* MarkerTracker.cpp */,
				5DC04814229BC432005BB094 /* PoseEstimation.h */,
				5DC04812229BC42B005BB094 /* PoseEstimation.cpp */,
				5DC04815229BC43B005BB094 /* DrawPrimitives.h */,
				5DA97D8B22A3CCFE00BD70AA /* DrawPrimitives.cpp */,
				5B26294F22AA57430038A440 /* GameElements.cpp */,
				5B26295022AA57430038A440 /* GameElements.hpp */,
				FD89A32922AB78ED00F8558B /* GameLoop.hpp */,
			);
			path = ARClassProject;
			sourceTree = "<group>";
		};
		5DC744572296656100771726 /* Frameworks */ = {
			isa = PBXGroup;
			children = (
				FDC4455522AB97E500853A67 /* CoreFoundation.framework */,
				5DC04818229BC819005BB094 /* libglfw.3.3.dylib */,
				5DC04816229BC7A9005BB094 /* OpenGL.framework */,
				5DC7448122968A4F00771726 /* libopencv_aruco.4.1.0.dylib */,
				5DC7448522968A4F00771726 /* libopencv_bgsegm.4.1.0.dylib */,
				5DC7445F22968A4E00771726 /* libopencv_bioinspired.4.1.0.dylib */,
				5DC7448722968A4F00771726 /* libopencv_calib3d.4.1.0.dylib */,
				5DC7446622968A4E00771726 /* libopencv_ccalib.4.1.0.dylib */,
				5DC7447722968A4F00771726 /* libopencv_core.4.1.0.dylib */,
				5DC7446422968A4E00771726 /* libopencv_datasets.4.1.0.dylib */,
				5DC7446022968A4E00771726 /* libopencv_dnn_objdetect.4.1.0.dylib */,
				5DC7447A22968A4F00771726 /* libopencv_dnn.4.1.0.dylib */,
				5DC7445A22968A4E00771726 /* libopencv_dpm.4.1.0.dylib */,
				5DC7446E22968A4E00771726 /* libopencv_face.4.1.0.dylib */,
				5DC7445D22968A4E00771726 /* libopencv_features2d.4.1.0.dylib */,
				5DC7448822968A4F00771726 /* libopencv_flann.4.1.0.dylib */,
				5DC7446222968A4E00771726 /* libopencv_freetype.4.1.0.dylib */,
				5DC7446722968A4E00771726 /* libopencv_fuzzy.4.1.0.dylib */,
				5DC7445E22968A4E00771726 /* libopencv_gapi.4.1.0.dylib */,
				5DC7447C22968A4F00771726 /* libopencv_hfs.4.1.0.dylib */,
				5DC7446F22968A4E00771726 /* libopencv_img_hash.4.1.0.dylib */,
				5DC7448622968A4F00771726 /* libopencv_imgcodecs.4.1.0.dylib */,
				5DC7447222968A4F00771726 /* libopencv_imgproc.4.1.0.dylib */,
				5DC7447322968A4F00771726 /* libopencv_line_descriptor.4.1.0.dylib */,
				5DC7445B22968A4E00771726 /* libopencv_ml.4.1.0.dylib */,
				5DC7447B22968A4F00771726 /* libopencv_objdetect.4.1.0.dylib */,
				5DC7447622968A4F00771726 /* libopencv_optflow.4.1.0.dylib */,
				5DC7448222968A4F00771726 /* libopencv_phase_unwrapping.4.1.0.dylib */,
				5DC7448322968A4F00771726 /* libopencv_photo.4.1.0.dylib */,
				5DC7446822968A4E00771726 /* libopencv_plot.4.1.0.dylib */,
				5DC7448022968A4F00771726 /* libopencv_quality.4.1.0.dylib */,
				5DC7446322968A4E00771726 /* libopencv_reg.4.1.0.dylib */,
				5DC7446922968A4E00771726 /* libopencv_rgbd.4.1.0.dylib */,
				5DC7447522968A4F00771726 /* libopencv_saliency.4.1.0.dylib */,
				5DC7446D22968A4E00771726 /* libopencv_sfm.4.1.0.dylib */,
				5DC7447922968A4F00771726 /* libopencv_shape.4.1.0.dylib */,
				5DC7448422968A4F00771726 /* libopencv_stereo.4.1.0.dylib */,
				5DC7447F22968A4F00771726 /* libopencv_stitching.4.1.0.dylib */,
				5DC7447022968A4E00771726 /* libopencv_structured_light.4.1.0.dylib */,
				5DC7446A22968A4E00771726 /* libopencv_superres.4.1.0.dylib */,
				5DC7447D22968A4F00771726 /* libopencv_surface_matching.4.1.0.dylib */,
				5DC7447422968A4F00771726 /* libopencv_text.4.1.0.dylib */,
				5DC7447122968A4E00771726 /* libopencv_tracking.4.1.0.dylib */,
				5DC7447822968A4F00771726 /* libopencv_video.4.1.0.dylib */,
				5DC7445C22968A4E00771726 /* libopencv_videoio.4.1.0.dylib */,
				5DC7446B22968A4E00771726 /* libopencv_videostab.4.1.0.dylib */,
				5DC7446122968A4E00771726 /* libopencv_xfeatures2d.4.1.0.dylib */,
				5DC7447E22968A4F00771726 /* libopencv_ximgproc.4.1.0.dylib */,
				5DC7446522968A4E00771726 /* libopencv_xobjdetect.4.1.0.dylib */,
				5DC7446C22968A4E00771726 /* libopencv_xphoto.4.1.0.dylib */,
				5DC744582296656100771726 /* libopencv_highgui.4.1.0.dylib */,
			);
			name = Frameworks;
			sourceTree = "<group>";
		};
/* End PBXGroup section */

/* Begin PBXNativeTarget section */
		5DC7444C2296639900771726 /* ARClassProject */ = {
			isa = PBXNativeTarget;
			buildConfigurationList = 5DC744542296639900771726 /* Build configuration list for PBXNativeTarget "ARClassProject" */;
			buildPhases = (
				5DC744492296639900771726 /* Sources */,
				5DC7444A2296639900771726 /* Frameworks */,
				5DC7444B2296639900771726 /* CopyFiles */,
			);
			buildRules = (
			);
			dependencies = (
			);
			name = ARClassProject;
			productName = ARClassProject;
			productReference = 5DC7444D2296639900771726 /* ARClassProject */;
			productType = "com.apple.product-type.tool";
		};
/* End PBXNativeTarget section */

/* Begin PBXProject section */
		5DC744452296639900771726 /* Project object */ = {
			isa = PBXProject;
			attributes = {
				LastUpgradeCheck = 1020;
				ORGANIZATIONNAME = "森敦史";
				TargetAttributes = {
					5DC7444C2296639900771726 = {
						CreatedOnToolsVersion = 10.2.1;
					};
				};
			};
			buildConfigurationList = 5DC744482296639900771726 /* Build configuration list for PBXProject "ARClassProject" */;
			compatibilityVersion = "Xcode 9.3";
			developmentRegion = en;
			hasScannedForEncodings = 0;
			knownRegions = (
				en,
			);
			mainGroup = 5DC744442296639900771726;
			productRefGroup = 5DC7444E2296639900771726 /* Products */;
			projectDirPath = "";
			projectRoot = "";
			targets = (
				5DC7444C2296639900771726 /* ARClassProject */,
			);
		};
/* End PBXProject section */

/* Begin PBXSourcesBuildPhase section */
		5DC744492296639900771726 /* Sources */ = {
			isa = PBXSourcesBuildPhase;
			buildActionMask = 2147483647;
			files = (
				5B26295122AA57430038A440 /* GameElements.cpp in Sources */,
				5D0DD026229FE07C00CE4593 /* Ball.cpp in Sources */,
				5DC04813229BC42B005BB094 /* PoseEstimation.cpp in Sources */,
				5D2BF2FF22A26665009FE4E3 /* Player.cpp in Sources */,
				5DC744512296639900771726 /* main.cpp in Sources */,
				5D2BF2FC22A2612E009FE4E3 /* Object.cpp in Sources */,
				5DA97D8C22A3CCFE00BD70AA /* DrawPrimitives.cpp in Sources */,
				FD3FD423229D0E6D00657C58 /* MarkerTracker.cpp in Sources */,
			);
			runOnlyForDeploymentPostprocessing = 0;
		};
/* End PBXSourcesBuildPhase section */

/* Begin XCBuildConfiguration section */
		5DC744522296639900771726 /* Debug */ = {
			isa = XCBuildConfiguration;
			buildSettings = {
				ALWAYS_SEARCH_USER_PATHS = NO;
				CLANG_ANALYZER_NONNULL = YES;
				CLANG_ANALYZER_NUMBER_OBJECT_CONVERSION = YES_AGGRESSIVE;
				CLANG_CXX_LANGUAGE_STANDARD = "gnu++14";
				CLANG_CXX_LIBRARY = "libc++";
				CLANG_ENABLE_MODULES = YES;
				CLANG_ENABLE_OBJC_ARC = YES;
				CLANG_ENABLE_OBJC_WEAK = YES;
				CLANG_WARN_BLOCK_CAPTURE_AUTORELEASING = YES;
				CLANG_WARN_BOOL_CONVERSION = YES;
				CLANG_WARN_COMMA = YES;
				CLANG_WARN_CONSTANT_CONVERSION = YES;
				CLANG_WARN_DEPRECATED_OBJC_IMPLEMENTATIONS = YES;
				CLANG_WARN_DIRECT_OBJC_ISA_USAGE = YES_ERROR;
				CLANG_WARN_DOCUMENTATION_COMMENTS = YES;
				CLANG_WARN_EMPTY_BODY = YES;
				CLANG_WARN_ENUM_CONVERSION = YES;
				CLANG_WARN_INFINITE_RECURSION = YES;
				CLANG_WARN_INT_CONVERSION = YES;
				CLANG_WARN_NON_LITERAL_NULL_CONVERSION = YES;
				CLANG_WARN_OBJC_IMPLICIT_RETAIN_SELF = YES;
				CLANG_WARN_OBJC_LITERAL_CONVERSION = YES;
				CLANG_WARN_OBJC_ROOT_CLASS = YES_ERROR;
				CLANG_WARN_RANGE_LOOP_ANALYSIS = YES;
				CLANG_WARN_STRICT_PROTOTYPES = YES;
				CLANG_WARN_SUSPICIOUS_MOVE = YES;
				CLANG_WARN_UNGUARDED_AVAILABILITY = YES_AGGRESSIVE;
				CLANG_WARN_UNREACHABLE_CODE = YES;
				CLANG_WARN__DUPLICATE_METHOD_MATCH = YES;
				CODE_SIGN_IDENTITY = "-";
				COPY_PHASE_STRIP = NO;
				DEBUG_INFORMATION_FORMAT = dwarf;
				ENABLE_STRICT_OBJC_MSGSEND = YES;
				ENABLE_TESTABILITY = YES;
				GCC_C_LANGUAGE_STANDARD = gnu11;
				GCC_DYNAMIC_NO_PIC = NO;
				GCC_NO_COMMON_BLOCKS = YES;
				GCC_OPTIMIZATION_LEVEL = 0;
				GCC_PREPROCESSOR_DEFINITIONS = (
					"DEBUG=1",
					"$(inherited)",
				);
				GCC_WARN_64_TO_32_BIT_CONVERSION = YES;
				GCC_WARN_ABOUT_RETURN_TYPE = YES_ERROR;
				GCC_WARN_UNDECLARED_SELECTOR = YES;
				GCC_WARN_UNINITIALIZED_AUTOS = YES_AGGRESSIVE;
				GCC_WARN_UNUSED_FUNCTION = YES;
				GCC_WARN_UNUSED_VARIABLE = YES;
				INFOPLIST_FILE = /Users/moriatsushi/MyFolder/ARClassProject/ARClassProject/Info.plist;
				MACOSX_DEPLOYMENT_TARGET = 10.14;
				MTL_ENABLE_DEBUG_INFO = INCLUDE_SOURCE;
				MTL_FAST_MATH = YES;
				ONLY_ACTIVE_ARCH = YES;
				SDKROOT = macosx;
			};
			name = Debug;
		};
		5DC744532296639900771726 /* Release */ = {
			isa = XCBuildConfiguration;
			buildSettings = {
				ALWAYS_SEARCH_USER_PATHS = NO;
				CLANG_ANALYZER_NONNULL = YES;
				CLANG_ANALYZER_NUMBER_OBJECT_CONVERSION = YES_AGGRESSIVE;
				CLANG_CXX_LANGUAGE_STANDARD = "gnu++14";
				CLANG_CXX_LIBRARY = "libc++";
				CLANG_ENABLE_MODULES = YES;
				CLANG_ENABLE_OBJC_ARC = YES;
				CLANG_ENABLE_OBJC_WEAK = YES;
				CLANG_WARN_BLOCK_CAPTURE_AUTORELEASING = YES;
				CLANG_WARN_BOOL_CONVERSION = YES;
				CLANG_WARN_COMMA = YES;
				CLANG_WARN_CONSTANT_CONVERSION = YES;
				CLANG_WARN_DEPRECATED_OBJC_IMPLEMENTATIONS = YES;
				CLANG_WARN_DIRECT_OBJC_ISA_USAGE = YES_ERROR;
				CLANG_WARN_DOCUMENTATION_COMMENTS = YES;
				CLANG_WARN_EMPTY_BODY = YES;
				CLANG_WARN_ENUM_CONVERSION = YES;
				CLANG_WARN_INFINITE_RECURSION = YES;
				CLANG_WARN_INT_CONVERSION = YES;
				CLANG_WARN_NON_LITERAL_NULL_CONVERSION = YES;
				CLANG_WARN_OBJC_IMPLICIT_RETAIN_SELF = YES;
				CLANG_WARN_OBJC_LITERAL_CONVERSION = YES;
				CLANG_WARN_OBJC_ROOT_CLASS = YES_ERROR;
				CLANG_WARN_RANGE_LOOP_ANALYSIS = YES;
				CLANG_WARN_STRICT_PROTOTYPES = YES;
				CLANG_WARN_SUSPICIOUS_MOVE = YES;
				CLANG_WARN_UNGUARDED_AVAILABILITY = YES_AGGRESSIVE;
				CLANG_WARN_UNREACHABLE_CODE = YES;
				CLANG_WARN__DUPLICATE_METHOD_MATCH = YES;
				CODE_SIGN_IDENTITY = "-";
				COPY_PHASE_STRIP = NO;
				DEBUG_INFORMATION_FORMAT = "dwarf-with-dsym";
				ENABLE_NS_ASSERTIONS = NO;
				ENABLE_STRICT_OBJC_MSGSEND = YES;
				GCC_C_LANGUAGE_STANDARD = gnu11;
				GCC_NO_COMMON_BLOCKS = YES;
				GCC_WARN_64_TO_32_BIT_CONVERSION = YES;
				GCC_WARN_ABOUT_RETURN_TYPE = YES_ERROR;
				GCC_WARN_UNDECLARED_SELECTOR = YES;
				GCC_WARN_UNINITIALIZED_AUTOS = YES_AGGRESSIVE;
				GCC_WARN_UNUSED_FUNCTION = YES;
				GCC_WARN_UNUSED_VARIABLE = YES;
				INFOPLIST_FILE = /Users/moriatsushi/MyFolder/ARClassProject/ARClassProject/Info.plist;
				MACOSX_DEPLOYMENT_TARGET = 10.14;
				MTL_ENABLE_DEBUG_INFO = NO;
				MTL_FAST_MATH = YES;
				SDKROOT = macosx;
			};
			name = Release;
		};
		5DC744552296639900771726 /* Debug */ = {
			isa = XCBuildConfiguration;
			buildSettings = {
				CLANG_WARN_DOCUMENTATION_COMMENTS = NO;
				CODE_SIGN_STYLE = Automatic;
				HEADER_SEARCH_PATHS = (
					"/usr/local/Cellar/opencv/4.1.0_2/include/**",
					/usr/local/include/,
					/usr/local/Cellar/glfw/3.3/include/,
					/usr/local/Cellar/glm/0.9.9.5/include/,
				);
				INFOPLIST_FILE = "$(SRCROOT)/ARClassProject/Info.plist";
				LIBRARY_SEARCH_PATHS = (
					"$(inherited)",
					/usr/local/Cellar/opencv/4.1.0_2/lib,
					/usr/local/Cellar/glfw/3.3/lib,
					/usr/local/Cellar/glm/0.9.9.5/lib,
				);
				PRODUCT_NAME = "$(TARGET_NAME)";
				SYSTEM_FRAMEWORK_SEARCH_PATHS = (
					/usr/local/lib/,
					"/usr/local/Cellar/opencv/4.1.0_2/lib/**",
				);
			};
			name = Debug;
		};
		5DC744562296639900771726 /* Release */ = {
			isa = XCBuildConfiguration;
			buildSettings = {
				CLANG_WARN_DOCUMENTATION_COMMENTS = NO;
				CODE_SIGN_STYLE = Automatic;
				HEADER_SEARCH_PATHS = (
					"/usr/local/Cellar/opencv/4.1.0_2/include/**",
					/usr/local/include/,
					/usr/local/Cellar/glfw/3.3/include/,
					/usr/local/Cellar/glm/0.9.9.5/include/,
				);
				INFOPLIST_FILE = "$(SRCROOT)/ARClassProject/Info.plist";
				LIBRARY_SEARCH_PATHS = (
					"$(inherited)",
					/usr/local/Cellar/opencv/4.1.0_2/lib,
					/usr/local/Cellar/glfw/3.3/lib,
					/usr/local/Cellar/glm/0.9.9.5/lib,
				);
				PRODUCT_NAME = "$(TARGET_NAME)";
				SYSTEM_FRAMEWORK_SEARCH_PATHS = (
					/usr/local/lib/,
					"/usr/local/Cellar/opencv/4.1.0_2/lib/**",
				);
			};
			name = Release;
		};
/* End XCBuildConfiguration section */

/* Begin XCConfigurationList section */
		5DC744482296639900771726 /* Build configuration list for PBXProject "ARClassProject" */ = {
			isa = XCConfigurationList;
			buildConfigurations = (
				5DC744522296639900771726 /* Debug */,
				5DC744532296639900771726 /* Release */,
			);
			defaultConfigurationIsVisible = 0;
			defaultConfigurationName = Release;
		};
		5DC744542296639900771726 /* Build configuration list for PBXNativeTarget "ARClassProject" */ = {
			isa = XCConfigurationList;
			buildConfigurations = (
				5DC744552296639900771726 /* Debug */,
				5DC744562296639900771726 /* Release */,
			);
			defaultConfigurationIsVisible = 0;
			defaultConfigurationName = Release;
		};
/* End XCConfigurationList section */
	};
	rootObject = 5DC744452296639900771726 /* Project object */;
}
