// !$*UTF8*$!
{
	archiveVersion = 1;
	classes = {
	};
	objectVersion = 50;
	objects = {

/* Begin PBXBuildFile section */
		5B8BCF6E229E612E00D5DC74 /* Game.cpp in Sources */ = {isa = PBXBuildFile; fileRef = 5B8BCF6C229E612E00D5DC74 /* Game.cpp */; };
		5B8BCF71229E6B2900D5DC74 /* Cube.cpp in Sources */ = {isa = PBXBuildFile; fileRef = 5B8BCF6F229E6B2900D5DC74 /* Cube.cpp */; };
		5B8BCF74229E8D2300D5DC74 /* cube.vs in CopyFiles */ = {isa = PBXBuildFile; fileRef = 5B8BCF72229E7D8200D5DC74 /* cube.vs */; };
		5B8BCF75229E8D2700D5DC74 /* cube.fs in CopyFiles */ = {isa = PBXBuildFile; fileRef = 5B8BCF73229E7D9A00D5DC74 /* cube.fs */; };
		FD3C8FE12296676D0013ED05 /* main.cpp in Sources */ = {isa = PBXBuildFile; fileRef = FD3C8FE02296676D0013ED05 /* main.cpp */; };
		FD3C8FE9229667B30013ED05 /* OpenGL.framework in Frameworks */ = {isa = PBXBuildFile; fileRef = FD3C8FE8229667B30013ED05 /* OpenGL.framework */; };
		FD3C8FED2296683A0013ED05 /* libGLEW.2.1.0.dylib in Frameworks */ = {isa = PBXBuildFile; fileRef = FD3C8FEC2296683A0013ED05 /* libGLEW.2.1.0.dylib */; };
		FD3C8FEF229668550013ED05 /* libglfw.3.3.dylib in Frameworks */ = {isa = PBXBuildFile; fileRef = FD3C8FEE229668550013ED05 /* libglfw.3.3.dylib */; };
		FD3C8FF122969A6E0013ED05 /* GLUT.framework in Frameworks */ = {isa = PBXBuildFile; fileRef = FD3C8FF022969A6E0013ED05 /* GLUT.framework */; };
		FD3FD426229D327400657C58 /* Rectangle.cpp in Sources */ = {isa = PBXBuildFile; fileRef = FD3FD424229D327400657C58 /* Rectangle.cpp */; };
		FD46533D22985DDF00E1E88D /* Triangle.cpp in Sources */ = {isa = PBXBuildFile; fileRef = FD46533B22985DDF00E1E88D /* Triangle.cpp */; };
		FD46534022987D1000E1E88D /* Window.cpp in Sources */ = {isa = PBXBuildFile; fileRef = FD46533E22987D1000E1E88D /* Window.cpp */; };
		FD8CD575229C46A300D3506C /* vertex.vs in CopyFiles */ = {isa = PBXBuildFile; fileRef = FD8CD573229C45E100D3506C /* vertex.vs */; };
		FD8CD576229C46B100D3506C /* fragment.fs in CopyFiles */ = {isa = PBXBuildFile; fileRef = FD8CD574229C45F000D3506C /* fragment.fs */; };
		FDBE70BE229C68A200A38953 /* Line.cpp in Sources */ = {isa = PBXBuildFile; fileRef = FDBE70BC229C68A200A38953 /* Line.cpp */; };
/* End PBXBuildFile section */

/* Begin PBXCopyFilesBuildPhase section */
		FD2BE5B3229C317600D84DFA /* CopyFiles */ = {
			isa = PBXCopyFilesBuildPhase;
			buildActionMask = 2147483647;
			dstPath = "";
			dstSubfolderSpec = 16;
			files = (
				5B8BCF75229E8D2700D5DC74 /* cube.fs in CopyFiles */,
				5B8BCF74229E8D2300D5DC74 /* cube.vs in CopyFiles */,
				FD8CD576229C46B100D3506C /* fragment.fs in CopyFiles */,
				FD8CD575229C46A300D3506C /* vertex.vs in CopyFiles */,
			);
			runOnlyForDeploymentPostprocessing = 0;
		};
		FD3C8FDB2296676C0013ED05 /* CopyFiles */ = {
			isa = PBXCopyFilesBuildPhase;
			buildActionMask = 12;
			dstPath = /usr/share/man/man1;
			dstSubfolderSpec = 0;
			files = (
			);
			runOnlyForDeploymentPostprocessing = 0;
		};
/* End PBXCopyFilesBuildPhase section */

/* Begin PBXFileReference section */
		5B8BCF6C229E612E00D5DC74 /* Game.cpp */ = {isa = PBXFileReference; lastKnownFileType = sourcecode.cpp.cpp; path = Game.cpp; sourceTree = "<group>"; };
		5B8BCF6D229E612E00D5DC74 /* Game.hpp */ = {isa = PBXFileReference; lastKnownFileType = sourcecode.cpp.h; path = Game.hpp; sourceTree = "<group>"; };
		5B8BCF6F229E6B2900D5DC74 /* Cube.cpp */ = {isa = PBXFileReference; lastKnownFileType = sourcecode.cpp.cpp; path = Cube.cpp; sourceTree = "<group>"; };
		5B8BCF70229E6B2900D5DC74 /* Cube.hpp */ = {isa = PBXFileReference; lastKnownFileType = sourcecode.cpp.h; path = Cube.hpp; sourceTree = "<group>"; };
		5B8BCF72229E7D8200D5DC74 /* cube.vs */ = {isa = PBXFileReference; lastKnownFileType = sourcecode.glsl; path = cube.vs; sourceTree = "<group>"; };
		5B8BCF73229E7D9A00D5DC74 /* cube.fs */ = {isa = PBXFileReference; lastKnownFileType = sourcecode.glsl; path = cube.fs; sourceTree = "<group>"; };
		FD2BE5AC229C24D000D84DFA /* Shader.h */ = {isa = PBXFileReference; lastKnownFileType = sourcecode.c.h; path = Shader.h; sourceTree = "<group>"; };
		FD3C8FDD2296676C0013ED05 /* GorillaBeats */ = {isa = PBXFileReference; explicitFileType = "compiled.mach-o.executable"; includeInIndex = 0; path = GorillaBeats; sourceTree = BUILT_PRODUCTS_DIR; };
		FD3C8FE02296676D0013ED05 /* main.cpp */ = {isa = PBXFileReference; lastKnownFileType = sourcecode.cpp.cpp; path = main.cpp; sourceTree = "<group>"; };
		FD3C8FE8229667B30013ED05 /* OpenGL.framework */ = {isa = PBXFileReference; lastKnownFileType = wrapper.framework; name = OpenGL.framework; path = System/Library/Frameworks/OpenGL.framework; sourceTree = SDKROOT; };
		FD3C8FEA229668150013ED05 /* lib */ = {isa = PBXFileReference; lastKnownFileType = folder; name = lib; path = ../../../../../usr/local/Cellar/glew/2.1.0/lib; sourceTree = "<group>"; };
		FD3C8FEC2296683A0013ED05 /* libGLEW.2.1.0.dylib */ = {isa = PBXFileReference; lastKnownFileType = "compiled.mach-o.dylib"; name = libGLEW.2.1.0.dylib; path = ../../../../../usr/local/Cellar/glew/2.1.0/lib/libGLEW.2.1.0.dylib; sourceTree = "<group>"; };
		FD3C8FEE229668550013ED05 /* libglfw.3.3.dylib */ = {isa = PBXFileReference; lastKnownFileType = "compiled.mach-o.dylib"; name = libglfw.3.3.dylib; path = ../../../../../usr/local/Cellar/glfw/3.3/lib/libglfw.3.3.dylib; sourceTree = "<group>"; };
		FD3C8FF022969A6E0013ED05 /* GLUT.framework */ = {isa = PBXFileReference; lastKnownFileType = wrapper.framework; name = GLUT.framework; path = System/Library/Frameworks/GLUT.framework; sourceTree = SDKROOT; };
		FD3FD424229D327400657C58 /* Rectangle.cpp */ = {isa = PBXFileReference; lastKnownFileType = sourcecode.cpp.cpp; path = Rectangle.cpp; sourceTree = "<group>"; };
		FD3FD425229D327400657C58 /* Rectangle.hpp */ = {isa = PBXFileReference; lastKnownFileType = sourcecode.cpp.h; path = Rectangle.hpp; sourceTree = "<group>"; };
		FD46533B22985DDF00E1E88D /* Triangle.cpp */ = {isa = PBXFileReference; lastKnownFileType = sourcecode.cpp.cpp; path = Triangle.cpp; sourceTree = "<group>"; };
		FD46533C22985DDF00E1E88D /* Triangle.hpp */ = {isa = PBXFileReference; lastKnownFileType = sourcecode.cpp.h; path = Triangle.hpp; sourceTree = "<group>"; };
		FD46533E22987D1000E1E88D /* Window.cpp */ = {isa = PBXFileReference; lastKnownFileType = sourcecode.cpp.cpp; path = Window.cpp; sourceTree = "<group>"; };
		FD46533F22987D1000E1E88D /* Window.hpp */ = {isa = PBXFileReference; lastKnownFileType = sourcecode.cpp.h; path = Window.hpp; sourceTree = "<group>"; };
		FD465343229BB54D00E1E88D /* Object.h */ = {isa = PBXFileReference; lastKnownFileType = sourcecode.c.h; path = Object.h; sourceTree = "<group>"; };
		FD8CD573229C45E100D3506C /* vertex.vs */ = {isa = PBXFileReference; lastKnownFileType = sourcecode.glsl; path = vertex.vs; sourceTree = "<group>"; };
		FD8CD574229C45F000D3506C /* fragment.fs */ = {isa = PBXFileReference; lastKnownFileType = sourcecode.glsl; path = fragment.fs; sourceTree = "<group>"; };
		FDBE70BC229C68A200A38953 /* Line.cpp */ = {isa = PBXFileReference; lastKnownFileType = sourcecode.cpp.cpp; path = Line.cpp; sourceTree = "<group>"; };
		FDBE70BD229C68A200A38953 /* Line.hpp */ = {isa = PBXFileReference; lastKnownFileType = sourcecode.cpp.h; path = Line.hpp; sourceTree = "<group>"; };
/* End PBXFileReference section */

/* Begin PBXFrameworksBuildPhase section */
		FD3C8FDA2296676C0013ED05 /* Frameworks */ = {
			isa = PBXFrameworksBuildPhase;
			buildActionMask = 2147483647;
			files = (
				FD3C8FEF229668550013ED05 /* libglfw.3.3.dylib in Frameworks */,
				FD3C8FED2296683A0013ED05 /* libGLEW.2.1.0.dylib in Frameworks */,
				FD3C8FE9229667B30013ED05 /* OpenGL.framework in Frameworks */,
				FD3C8FF122969A6E0013ED05 /* GLUT.framework in Frameworks */,
			);
			runOnlyForDeploymentPostprocessing = 0;
		};
/* End PBXFrameworksBuildPhase section */

/* Begin PBXGroup section */
		FD3C8FD42296676C0013ED05 = {
			isa = PBXGroup;
			children = (
				FD3C8FE7229667B30013ED05 /* Frameworks */,
				FD3C8FDF2296676C0013ED05 /* GorillaBeats */,
				FD3C8FDE2296676C0013ED05 /* Products */,
			);
			sourceTree = "<group>";
		};
		FD3C8FDE2296676C0013ED05 /* Products */ = {
			isa = PBXGroup;
			children = (
				FD3C8FDD2296676C0013ED05 /* GorillaBeats */,
			);
			name = Products;
			sourceTree = "<group>";
		};
		FD3C8FDF2296676C0013ED05 /* GorillaBeats */ = {
			isa = PBXGroup;
			children = (
				FD8CD572229C45AD00D3506C /* Shader */,
				FD3C8FE02296676D0013ED05 /* main.cpp */,
				FDBE70BC229C68A200A38953 /* Line.cpp */,
				FDBE70BD229C68A200A38953 /* Line.hpp */,
				FD46533E22987D1000E1E88D /* Window.cpp */,
				FD46533F22987D1000E1E88D /* Window.hpp */,
				FD46533B22985DDF00E1E88D /* Triangle.cpp */,
				FD46533C22985DDF00E1E88D /* Triangle.hpp */,
				FD2BE5AC229C24D000D84DFA /* Shader.h */,
				FD465343229BB54D00E1E88D /* Object.h */,
				FD3FD424229D327400657C58 /* Rectangle.cpp */,
				5B8BCF6C229E612E00D5DC74 /* Game.cpp */,
				5B8BCF6D229E612E00D5DC74 /* Game.hpp */,
				FD3FD425229D327400657C58 /* Rectangle.hpp */,
				5B8BCF6F229E6B2900D5DC74 /* Cube.cpp */,
				5B8BCF70229E6B2900D5DC74 /* Cube.hpp */,
			);
			path = GorillaBeats;
			sourceTree = "<group>";
		};
		FD3C8FE7229667B30013ED05 /* Frameworks */ = {
			isa = PBXGroup;
			children = (
				FD3C8FF022969A6E0013ED05 /* GLUT.framework */,
				FD3C8FEE229668550013ED05 /* libglfw.3.3.dylib */,
				FD3C8FEC2296683A0013ED05 /* libGLEW.2.1.0.dylib */,
				FD3C8FEA229668150013ED05 /* lib */,
				FD3C8FE8229667B30013ED05 /* OpenGL.framework */,
			);
			name = Frameworks;
			sourceTree = "<group>";
		};
		FD8CD572229C45AD00D3506C /* Shader */ = {
			isa = PBXGroup;
			children = (
				FD8CD573229C45E100D3506C /* vertex.vs */,
				FD8CD574229C45F000D3506C /* fragment.fs */,
				5B8BCF72229E7D8200D5DC74 /* cube.vs */,
				5B8BCF73229E7D9A00D5DC74 /* cube.fs */,
			);
			path = Shader;
			sourceTree = "<group>";
		};
/* End PBXGroup section */

/* Begin PBXNativeTarget section */
		FD3C8FDC2296676C0013ED05 /* GorillaBeats */ = {
			isa = PBXNativeTarget;
			buildConfigurationList = FD3C8FE42296676D0013ED05 /* Build configuration list for PBXNativeTarget "GorillaBeats" */;
			buildPhases = (
				FD3C8FD92296676C0013ED05 /* Sources */,
				FD3C8FDA2296676C0013ED05 /* Frameworks */,
				FD3C8FDB2296676C0013ED05 /* CopyFiles */,
				FD2BE5B3229C317600D84DFA /* CopyFiles */,
			);
			buildRules = (
			);
			dependencies = (
			);
			name = GorillaBeats;
			productName = GorillaBeats;
			productReference = FD3C8FDD2296676C0013ED05 /* GorillaBeats */;
			productType = "com.apple.product-type.tool";
		};
/* End PBXNativeTarget section */

/* Begin PBXProject section */
		FD3C8FD52296676C0013ED05 /* Project object */ = {
			isa = PBXProject;
			attributes = {
				LastUpgradeCheck = 1020;
				ORGANIZATIONNAME = gb;
				TargetAttributes = {
					FD3C8FDC2296676C0013ED05 = {
						CreatedOnToolsVersion = 10.2.1;
					};
				};
			};
			buildConfigurationList = FD3C8FD82296676C0013ED05 /* Build configuration list for PBXProject "GorillaBeats" */;
			compatibilityVersion = "Xcode 9.3";
			developmentRegion = en;
			hasScannedForEncodings = 0;
			knownRegions = (
				en,
			);
			mainGroup = FD3C8FD42296676C0013ED05;
			productRefGroup = FD3C8FDE2296676C0013ED05 /* Products */;
			projectDirPath = "";
			projectRoot = "";
			targets = (
				FD3C8FDC2296676C0013ED05 /* GorillaBeats */,
			);
		};
/* End PBXProject section */

/* Begin PBXSourcesBuildPhase section */
		FD3C8FD92296676C0013ED05 /* Sources */ = {
			isa = PBXSourcesBuildPhase;
			buildActionMask = 2147483647;
			files = (
				FD3C8FE12296676D0013ED05 /* main.cpp in Sources */,
				FDBE70BE229C68A200A38953 /* Line.cpp in Sources */,
				FD46534022987D1000E1E88D /* Window.cpp in Sources */,
				5B8BCF71229E6B2900D5DC74 /* Cube.cpp in Sources */,
				FD3FD426229D327400657C58 /* Rectangle.cpp in Sources */,
				FD46533D22985DDF00E1E88D /* Triangle.cpp in Sources */,
				5B8BCF6E229E612E00D5DC74 /* Game.cpp in Sources */,
			);
			runOnlyForDeploymentPostprocessing = 0;
		};
/* End PBXSourcesBuildPhase section */

/* Begin XCBuildConfiguration section */
		FD3C8FE22296676D0013ED05 /* Debug */ = {
			isa = XCBuildConfiguration;
			buildSettings = {
				ALWAYS_SEARCH_USER_PATHS = NO;
				CLANG_ANALYZER_NONNULL = YES;
				CLANG_ANALYZER_NUMBER_OBJECT_CONVERSION = YES_AGGRESSIVE;
				CLANG_CXX_LANGUAGE_STANDARD = "gnu++14";
				CLANG_CXX_LIBRARY = "libc++";
				CLANG_ENABLE_MODULES = YES;
				CLANG_ENABLE_OBJC_ARC = YES;
				CLANG_ENABLE_OBJC_WEAK = YES;
				CLANG_WARN_BLOCK_CAPTURE_AUTORELEASING = YES;
				CLANG_WARN_BOOL_CONVERSION = YES;
				CLANG_WARN_COMMA = YES;
				CLANG_WARN_CONSTANT_CONVERSION = YES;
				CLANG_WARN_DEPRECATED_OBJC_IMPLEMENTATIONS = YES;
				CLANG_WARN_DIRECT_OBJC_ISA_USAGE = YES_ERROR;
				CLANG_WARN_DOCUMENTATION_COMMENTS = YES;
				CLANG_WARN_EMPTY_BODY = YES;
				CLANG_WARN_ENUM_CONVERSION = YES;
				CLANG_WARN_INFINITE_RECURSION = YES;
				CLANG_WARN_INT_CONVERSION = YES;
				CLANG_WARN_NON_LITERAL_NULL_CONVERSION = YES;
				CLANG_WARN_OBJC_IMPLICIT_RETAIN_SELF = YES;
				CLANG_WARN_OBJC_LITERAL_CONVERSION = YES;
				CLANG_WARN_OBJC_ROOT_CLASS = YES_ERROR;
				CLANG_WARN_RANGE_LOOP_ANALYSIS = YES;
				CLANG_WARN_STRICT_PROTOTYPES = YES;
				CLANG_WARN_SUSPICIOUS_MOVE = YES;
				CLANG_WARN_UNGUARDED_AVAILABILITY = YES_AGGRESSIVE;
				CLANG_WARN_UNREACHABLE_CODE = YES;
				CLANG_WARN__DUPLICATE_METHOD_MATCH = YES;
				CODE_SIGN_IDENTITY = "-";
				COPY_PHASE_STRIP = NO;
				DEBUG_INFORMATION_FORMAT = dwarf;
				ENABLE_STRICT_OBJC_MSGSEND = YES;
				ENABLE_TESTABILITY = YES;
				GCC_C_LANGUAGE_STANDARD = gnu11;
				GCC_DYNAMIC_NO_PIC = NO;
				GCC_NO_COMMON_BLOCKS = YES;
				GCC_OPTIMIZATION_LEVEL = 0;
				GCC_PREPROCESSOR_DEFINITIONS = (
					"DEBUG=1",
					"$(inherited)",
				);
				GCC_WARN_64_TO_32_BIT_CONVERSION = YES;
				GCC_WARN_ABOUT_RETURN_TYPE = YES_ERROR;
				GCC_WARN_UNDECLARED_SELECTOR = YES;
				GCC_WARN_UNINITIALIZED_AUTOS = YES_AGGRESSIVE;
				GCC_WARN_UNUSED_FUNCTION = YES;
				GCC_WARN_UNUSED_VARIABLE = YES;
				MACOSX_DEPLOYMENT_TARGET = 10.14;
				MTL_ENABLE_DEBUG_INFO = INCLUDE_SOURCE;
				MTL_FAST_MATH = YES;
				ONLY_ACTIVE_ARCH = YES;
				SDKROOT = macosx;
			};
			name = Debug;
		};
		FD3C8FE32296676D0013ED05 /* Release */ = {
			isa = XCBuildConfiguration;
			buildSettings = {
				ALWAYS_SEARCH_USER_PATHS = NO;
				CLANG_ANALYZER_NONNULL = YES;
				CLANG_ANALYZER_NUMBER_OBJECT_CONVERSION = YES_AGGRESSIVE;
				CLANG_CXX_LANGUAGE_STANDARD = "gnu++14";
				CLANG_CXX_LIBRARY = "libc++";
				CLANG_ENABLE_MODULES = YES;
				CLANG_ENABLE_OBJC_ARC = YES;
				CLANG_ENABLE_OBJC_WEAK = YES;
				CLANG_WARN_BLOCK_CAPTURE_AUTORELEASING = YES;
				CLANG_WARN_BOOL_CONVERSION = YES;
				CLANG_WARN_COMMA = YES;
				CLANG_WARN_CONSTANT_CONVERSION = YES;
				CLANG_WARN_DEPRECATED_OBJC_IMPLEMENTATIONS = YES;
				CLANG_WARN_DIRECT_OBJC_ISA_USAGE = YES_ERROR;
				CLANG_WARN_DOCUMENTATION_COMMENTS = YES;
				CLANG_WARN_EMPTY_BODY = YES;
				CLANG_WARN_ENUM_CONVERSION = YES;
				CLANG_WARN_INFINITE_RECURSION = YES;
				CLANG_WARN_INT_CONVERSION = YES;
				CLANG_WARN_NON_LITERAL_NULL_CONVERSION = YES;
				CLANG_WARN_OBJC_IMPLICIT_RETAIN_SELF = YES;
				CLANG_WARN_OBJC_LITERAL_CONVERSION = YES;
				CLANG_WARN_OBJC_ROOT_CLASS = YES_ERROR;
				CLANG_WARN_RANGE_LOOP_ANALYSIS = YES;
				CLANG_WARN_STRICT_PROTOTYPES = YES;
				CLANG_WARN_SUSPICIOUS_MOVE = YES;
				CLANG_WARN_UNGUARDED_AVAILABILITY = YES_AGGRESSIVE;
				CLANG_WARN_UNREACHABLE_CODE = YES;
				CLANG_WARN__DUPLICATE_METHOD_MATCH = YES;
				CODE_SIGN_IDENTITY = "-";
				COPY_PHASE_STRIP = NO;
				DEBUG_INFORMATION_FORMAT = "dwarf-with-dsym";
				ENABLE_NS_ASSERTIONS = NO;
				ENABLE_STRICT_OBJC_MSGSEND = YES;
				GCC_C_LANGUAGE_STANDARD = gnu11;
				GCC_NO_COMMON_BLOCKS = YES;
				GCC_WARN_64_TO_32_BIT_CONVERSION = YES;
				GCC_WARN_ABOUT_RETURN_TYPE = YES_ERROR;
				GCC_WARN_UNDECLARED_SELECTOR = YES;
				GCC_WARN_UNINITIALIZED_AUTOS = YES_AGGRESSIVE;
				GCC_WARN_UNUSED_FUNCTION = YES;
				GCC_WARN_UNUSED_VARIABLE = YES;
				MACOSX_DEPLOYMENT_TARGET = 10.14;
				MTL_ENABLE_DEBUG_INFO = NO;
				MTL_FAST_MATH = YES;
				SDKROOT = macosx;
			};
			name = Release;
		};
		FD3C8FE52296676D0013ED05 /* Debug */ = {
			isa = XCBuildConfiguration;
			buildSettings = {
				CODE_SIGN_STYLE = Automatic;
				HEADER_SEARCH_PATHS = (
					"/usr⁩/local⁩/⁨Cellar⁩/⁨glew⁩/⁨2.1.0⁩/⁨include⁩",
					/usr/local/include,
					/usr/local/Cellar/glm/0.9.9.5/include,
					/usr/local/Cellar/glfw/3.3/include,
				);
				LIBRARY_SEARCH_PATHS = (
					"$(inherited)",
					/usr/local/Cellar/glew/2.1.0/lib,
					/usr/local/Cellar/glfw/3.3/lib,
					/usr/local/Cellar/glm/0.9.9.5/lib,
				);
				PRODUCT_NAME = "$(TARGET_NAME)";
			};
			name = Debug;
		};
		FD3C8FE62296676D0013ED05 /* Release */ = {
			isa = XCBuildConfiguration;
			buildSettings = {
				CODE_SIGN_STYLE = Automatic;
				HEADER_SEARCH_PATHS = (
					"/usr⁩/local⁩/⁨Cellar⁩/⁨glew⁩/⁨2.1.0⁩/⁨include⁩",
					/usr/local/include,
					/usr/local/Cellar/glm/0.9.9.5/include,
					/usr/local/Cellar/glfw/3.3/include,
				);
				LIBRARY_SEARCH_PATHS = (
					"$(inherited)",
					/usr/local/Cellar/glew/2.1.0/lib,
					/usr/local/Cellar/glfw/3.3/lib,
					/usr/local/Cellar/glm/0.9.9.5/lib,
				);
				PRODUCT_NAME = "$(TARGET_NAME)";
			};
			name = Release;
		};
/* End XCBuildConfiguration section */

/* Begin XCConfigurationList section */
		FD3C8FD82296676C0013ED05 /* Build configuration list for PBXProject "GorillaBeats" */ = {
			isa = XCConfigurationList;
			buildConfigurations = (
				FD3C8FE22296676D0013ED05 /* Debug */,
				FD3C8FE32296676D0013ED05 /* Release */,
			);
			defaultConfigurationIsVisible = 0;
			defaultConfigurationName = Release;
		};
		FD3C8FE42296676D0013ED05 /* Build configuration list for PBXNativeTarget "GorillaBeats" */ = {
			isa = XCConfigurationList;
			buildConfigurations = (
				FD3C8FE52296676D0013ED05 /* Debug */,
				FD3C8FE62296676D0013ED05 /* Release */,
			);
			defaultConfigurationIsVisible = 0;
			defaultConfigurationName = Release;
		};
/* End XCConfigurationList section */
	};
	rootObject = FD3C8FD52296676C0013ED05 /* Project object */;
}
